// !$*UTF8*$!
{
	archiveVersion = 1;
	classes = {
	};
	objectVersion = 55;
	objects = {

/* Begin PBXBuildFile section */
		2E61E43529B93BD60014BADA /* Workout.swift in Sources */ = {isa = PBXBuildFile; fileRef = 2E61E43429B93BD60014BADA /* Workout.swift */; };
		2E61E43729BB8A450014BADA /* GoogleService-Info.plist in Resources */ = {isa = PBXBuildFile; fileRef = 2E61E43629BB8A440014BADA /* GoogleService-Info.plist */; };
		2EF8CDAD29B26F9D00898B41 /* UserInfo.swift in Sources */ = {isa = PBXBuildFile; fileRef = 2EF8CDAC29B26F9D00898B41 /* UserInfo.swift */; };
		2EF8CDB229B270CC00898B41 /* SignUpView.swift in Sources */ = {isa = PBXBuildFile; fileRef = 2EF8CDAE29B270CB00898B41 /* SignUpView.swift */; };
		2EF8CDB329B270CC00898B41 /* AuthenticationView.swift in Sources */ = {isa = PBXBuildFile; fileRef = 2EF8CDAF29B270CB00898B41 /* AuthenticationView.swift */; };
		2EF8CDB429B270CC00898B41 /* ForgotPasswordView.swift in Sources */ = {isa = PBXBuildFile; fileRef = 2EF8CDB029B270CB00898B41 /* ForgotPasswordView.swift */; };
		2EF8CDB529B270CC00898B41 /* LogInView.swift in Sources */ = {isa = PBXBuildFile; fileRef = 2EF8CDB129B270CC00898B41 /* LogInView.swift */; };
		2EF8CDB729B270D500898B41 /* Constants.swift in Sources */ = {isa = PBXBuildFile; fileRef = 2EF8CDB629B270D400898B41 /* Constants.swift */; };
		2EF8CDB929B271AC00898B41 /* MainView.swift in Sources */ = {isa = PBXBuildFile; fileRef = 2EF8CDB829B271AC00898B41 /* MainView.swift */; };
		2EF8CDBB29B271D000898B41 /* SettingsView.swift in Sources */ = {isa = PBXBuildFile; fileRef = 2EF8CDBA29B271D000898B41 /* SettingsView.swift */; };
		2EF8CDBD29B2723600898B41 /* FetchData.swift in Sources */ = {isa = PBXBuildFile; fileRef = 2EF8CDBC29B2723600898B41 /* FetchData.swift */; };
		2EF8CDBF29B670A100898B41 /* WorkoutDetailView.swift in Sources */ = {isa = PBXBuildFile; fileRef = 2EF8CDBE29B670A100898B41 /* WorkoutDetailView.swift */; };
		2EF8CDC329B675A800898B41 /* Exercise.swift in Sources */ = {isa = PBXBuildFile; fileRef = 2EF8CDC229B675A800898B41 /* Exercise.swift */; };
		2EF8CEDE29AE8E74007848F8 /* PumpApp.swift in Sources */ = {isa = PBXBuildFile; fileRef = 2EF8CEDD29AE8E74007848F8 /* PumpApp.swift */; };
		2EF8CEE029AE8E74007848F8 /* ContentView.swift in Sources */ = {isa = PBXBuildFile; fileRef = 2EF8CEDF29AE8E74007848F8 /* ContentView.swift */; };
		2EF8CEE229AE8E76007848F8 /* Assets.xcassets in Resources */ = {isa = PBXBuildFile; fileRef = 2EF8CEE129AE8E76007848F8 /* Assets.xcassets */; };
		2EF8CEE529AE8E76007848F8 /* Preview Assets.xcassets in Resources */ = {isa = PBXBuildFile; fileRef = 2EF8CEE429AE8E76007848F8 /* Preview Assets.xcassets */; };
		2EF8CEEF29AE8E76007848F8 /* PumpTests.swift in Sources */ = {isa = PBXBuildFile; fileRef = 2EF8CEEE29AE8E76007848F8 /* PumpTests.swift */; };
		2EF8CEF929AE8E76007848F8 /* PumpUITests.swift in Sources */ = {isa = PBXBuildFile; fileRef = 2EF8CEF829AE8E76007848F8 /* PumpUITests.swift */; };
		2EF8CEFB29AE8E76007848F8 /* PumpUITestsLaunchTests.swift in Sources */ = {isa = PBXBuildFile; fileRef = 2EF8CEFA29AE8E76007848F8 /* PumpUITestsLaunchTests.swift */; };
		9F341716B88E440C7626FCEF /* Pods_Pump.framework in Frameworks */ = {isa = PBXBuildFile; fileRef = 5B9413DBBA3C1D1DF0C72714 /* Pods_Pump.framework */; };
		D35C8E8629BA5E3300180B22 /* WorkoutDayView.swift in Sources */ = {isa = PBXBuildFile; fileRef = D35C8E8529BA5E3300180B22 /* WorkoutDayView.swift */; };
		D3E8C63B29B67750002FA225 /* WorkoutOverView.swift in Sources */ = {isa = PBXBuildFile; fileRef = D3E8C63A29B67750002FA225 /* WorkoutOverView.swift */; };
/* End PBXBuildFile section */

/* Begin PBXContainerItemProxy section */
		2EF8CEEB29AE8E76007848F8 /* PBXContainerItemProxy */ = {
			isa = PBXContainerItemProxy;
			containerPortal = 2EF8CED229AE8E73007848F8 /* Project object */;
			proxyType = 1;
			remoteGlobalIDString = 2EF8CED929AE8E74007848F8;
			remoteInfo = Pump;
		};
		2EF8CEF529AE8E76007848F8 /* PBXContainerItemProxy */ = {
			isa = PBXContainerItemProxy;
			containerPortal = 2EF8CED229AE8E73007848F8 /* Project object */;
			proxyType = 1;
			remoteGlobalIDString = 2EF8CED929AE8E74007848F8;
			remoteInfo = Pump;
		};
/* End PBXContainerItemProxy section */

/* Begin PBXFileReference section */
		2E61E43429B93BD60014BADA /* Workout.swift */ = {isa = PBXFileReference; lastKnownFileType = sourcecode.swift; path = Workout.swift; sourceTree = "<group>"; };
		2E61E43629BB8A440014BADA /* GoogleService-Info.plist */ = {isa = PBXFileReference; fileEncoding = 4; lastKnownFileType = text.plist.xml; path = "GoogleService-Info.plist"; sourceTree = "<group>"; };
		2EF8CDAC29B26F9D00898B41 /* UserInfo.swift */ = {isa = PBXFileReference; fileEncoding = 4; lastKnownFileType = sourcecode.swift; path = UserInfo.swift; sourceTree = "<group>"; };
		2EF8CDAE29B270CB00898B41 /* SignUpView.swift */ = {isa = PBXFileReference; fileEncoding = 4; lastKnownFileType = sourcecode.swift; path = SignUpView.swift; sourceTree = "<group>"; };
		2EF8CDAF29B270CB00898B41 /* AuthenticationView.swift */ = {isa = PBXFileReference; fileEncoding = 4; lastKnownFileType = sourcecode.swift; path = AuthenticationView.swift; sourceTree = "<group>"; };
		2EF8CDB029B270CB00898B41 /* ForgotPasswordView.swift */ = {isa = PBXFileReference; fileEncoding = 4; lastKnownFileType = sourcecode.swift; path = ForgotPasswordView.swift; sourceTree = "<group>"; };
		2EF8CDB129B270CC00898B41 /* LogInView.swift */ = {isa = PBXFileReference; fileEncoding = 4; lastKnownFileType = sourcecode.swift; path = LogInView.swift; sourceTree = "<group>"; };
		2EF8CDB629B270D400898B41 /* Constants.swift */ = {isa = PBXFileReference; fileEncoding = 4; lastKnownFileType = sourcecode.swift; path = Constants.swift; sourceTree = "<group>"; };
		2EF8CDB829B271AC00898B41 /* MainView.swift */ = {isa = PBXFileReference; lastKnownFileType = sourcecode.swift; path = MainView.swift; sourceTree = "<group>"; };
		2EF8CDBA29B271D000898B41 /* SettingsView.swift */ = {isa = PBXFileReference; fileEncoding = 4; lastKnownFileType = sourcecode.swift; path = SettingsView.swift; sourceTree = "<group>"; };
		2EF8CDBC29B2723600898B41 /* FetchData.swift */ = {isa = PBXFileReference; fileEncoding = 4; lastKnownFileType = sourcecode.swift; path = FetchData.swift; sourceTree = "<group>"; };
		2EF8CDBE29B670A100898B41 /* WorkoutDetailView.swift */ = {isa = PBXFileReference; fileEncoding = 4; lastKnownFileType = sourcecode.swift; path = WorkoutDetailView.swift; sourceTree = "<group>"; };
		2EF8CDC229B675A800898B41 /* Exercise.swift */ = {isa = PBXFileReference; lastKnownFileType = sourcecode.swift; path = Exercise.swift; sourceTree = "<group>"; };
		2EF8CEDA29AE8E74007848F8 /* Pump.app */ = {isa = PBXFileReference; explicitFileType = wrapper.application; includeInIndex = 0; path = Pump.app; sourceTree = BUILT_PRODUCTS_DIR; };
		2EF8CEDD29AE8E74007848F8 /* PumpApp.swift */ = {isa = PBXFileReference; lastKnownFileType = sourcecode.swift; path = PumpApp.swift; sourceTree = "<group>"; };
		2EF8CEDF29AE8E74007848F8 /* ContentView.swift */ = {isa = PBXFileReference; lastKnownFileType = sourcecode.swift; path = ContentView.swift; sourceTree = "<group>"; };
		2EF8CEE129AE8E76007848F8 /* Assets.xcassets */ = {isa = PBXFileReference; lastKnownFileType = folder.assetcatalog; path = Assets.xcassets; sourceTree = "<group>"; };
		2EF8CEE429AE8E76007848F8 /* Preview Assets.xcassets */ = {isa = PBXFileReference; lastKnownFileType = folder.assetcatalog; path = "Preview Assets.xcassets"; sourceTree = "<group>"; };
		2EF8CEEA29AE8E76007848F8 /* PumpTests.xctest */ = {isa = PBXFileReference; explicitFileType = wrapper.cfbundle; includeInIndex = 0; path = PumpTests.xctest; sourceTree = BUILT_PRODUCTS_DIR; };
		2EF8CEEE29AE8E76007848F8 /* PumpTests.swift */ = {isa = PBXFileReference; lastKnownFileType = sourcecode.swift; path = PumpTests.swift; sourceTree = "<group>"; };
		2EF8CEF429AE8E76007848F8 /* PumpUITests.xctest */ = {isa = PBXFileReference; explicitFileType = wrapper.cfbundle; includeInIndex = 0; path = PumpUITests.xctest; sourceTree = BUILT_PRODUCTS_DIR; };
		2EF8CEF829AE8E76007848F8 /* PumpUITests.swift */ = {isa = PBXFileReference; lastKnownFileType = sourcecode.swift; path = PumpUITests.swift; sourceTree = "<group>"; };
		2EF8CEFA29AE8E76007848F8 /* PumpUITestsLaunchTests.swift */ = {isa = PBXFileReference; lastKnownFileType = sourcecode.swift; path = PumpUITestsLaunchTests.swift; sourceTree = "<group>"; };
		5B9413DBBA3C1D1DF0C72714 /* Pods_Pump.framework */ = {isa = PBXFileReference; explicitFileType = wrapper.framework; includeInIndex = 0; path = Pods_Pump.framework; sourceTree = BUILT_PRODUCTS_DIR; };
		C996004293998D0942D9A82E /* Pods-Pump.debug.xcconfig */ = {isa = PBXFileReference; includeInIndex = 1; lastKnownFileType = text.xcconfig; name = "Pods-Pump.debug.xcconfig"; path = "Target Support Files/Pods-Pump/Pods-Pump.debug.xcconfig"; sourceTree = "<group>"; };
		CA97E6058412939BE1716F84 /* Pods-Pump.release.xcconfig */ = {isa = PBXFileReference; includeInIndex = 1; lastKnownFileType = text.xcconfig; name = "Pods-Pump.release.xcconfig"; path = "Target Support Files/Pods-Pump/Pods-Pump.release.xcconfig"; sourceTree = "<group>"; };
		D35C8E8529BA5E3300180B22 /* WorkoutDayView.swift */ = {isa = PBXFileReference; lastKnownFileType = sourcecode.swift; path = WorkoutDayView.swift; sourceTree = "<group>"; };
		D3E8C63A29B67750002FA225 /* WorkoutOverView.swift */ = {isa = PBXFileReference; lastKnownFileType = sourcecode.swift; name = WorkoutOverView.swift; path = ../WorkoutOverView.swift; sourceTree = "<group>"; };
/* End PBXFileReference section */

/* Begin PBXFrameworksBuildPhase section */
		2EF8CED729AE8E74007848F8 /* Frameworks */ = {
			isa = PBXFrameworksBuildPhase;
			buildActionMask = 2147483647;
			files = (
				9F341716B88E440C7626FCEF /* Pods_Pump.framework in Frameworks */,
			);
			runOnlyForDeploymentPostprocessing = 0;
		};
		2EF8CEE729AE8E76007848F8 /* Frameworks */ = {
			isa = PBXFrameworksBuildPhase;
			buildActionMask = 2147483647;
			files = (
			);
			runOnlyForDeploymentPostprocessing = 0;
		};
		2EF8CEF129AE8E76007848F8 /* Frameworks */ = {
			isa = PBXFrameworksBuildPhase;
			buildActionMask = 2147483647;
			files = (
			);
			runOnlyForDeploymentPostprocessing = 0;
		};
/* End PBXFrameworksBuildPhase section */

/* Begin PBXGroup section */
		2EF8CED129AE8E73007848F8 = {
			isa = PBXGroup;
			children = (
				2EF8CEDC29AE8E74007848F8 /* Pump */,
				2EF8CEED29AE8E76007848F8 /* PumpTests */,
				2EF8CEF729AE8E76007848F8 /* PumpUITests */,
				2EF8CEDB29AE8E74007848F8 /* Products */,
				EADFB1E504FC034EE78B2D8E /* Pods */,
				AC247FF3C6492D9331A2CAA2 /* Frameworks */,
			);
			sourceTree = "<group>";
		};
		2EF8CEDB29AE8E74007848F8 /* Products */ = {
			isa = PBXGroup;
			children = (
				2EF8CEDA29AE8E74007848F8 /* Pump.app */,
				2EF8CEEA29AE8E76007848F8 /* PumpTests.xctest */,
				2EF8CEF429AE8E76007848F8 /* PumpUITests.xctest */,
			);
			name = Products;
			sourceTree = "<group>";
		};
		2EF8CEDC29AE8E74007848F8 /* Pump */ = {
			isa = PBXGroup;
			children = (
				2EF8CEDD29AE8E74007848F8 /* PumpApp.swift */,
				2EF8CEDF29AE8E74007848F8 /* ContentView.swift */,
				2EF8CDB829B271AC00898B41 /* MainView.swift */,
				2EF8CDB629B270D400898B41 /* Constants.swift */,
				2EF8CDBA29B271D000898B41 /* SettingsView.swift */,
				2EF8CDBC29B2723600898B41 /* FetchData.swift */,
				2EF8CDAC29B26F9D00898B41 /* UserInfo.swift */,
				2EF8CDC229B675A800898B41 /* Exercise.swift */,
				2E61E43429B93BD60014BADA /* Workout.swift */,
				2EF8CDAF29B270CB00898B41 /* AuthenticationView.swift */,
				2EF8CDBE29B670A100898B41 /* WorkoutDetailView.swift */,
				D35C8E8529BA5E3300180B22 /* WorkoutDayView.swift */,
				D3E8C63A29B67750002FA225 /* WorkoutOverView.swift */,
				2EF8CDB029B270CB00898B41 /* ForgotPasswordView.swift */,
				2EF8CDB129B270CC00898B41 /* LogInView.swift */,
				2EF8CDAE29B270CB00898B41 /* SignUpView.swift */,
				2E61E43629BB8A440014BADA /* GoogleService-Info.plist */,
				2EF8CEE129AE8E76007848F8 /* Assets.xcassets */,
				2EF8CEE329AE8E76007848F8 /* Preview Content */,
			);
			path = Pump;
			sourceTree = "<group>";
		};
		2EF8CEE329AE8E76007848F8 /* Preview Content */ = {
			isa = PBXGroup;
			children = (
				2EF8CEE429AE8E76007848F8 /* Preview Assets.xcassets */,
			);
			path = "Preview Content";
			sourceTree = "<group>";
		};
		2EF8CEED29AE8E76007848F8 /* PumpTests */ = {
			isa = PBXGroup;
			children = (
				2EF8CEEE29AE8E76007848F8 /* PumpTests.swift */,
			);
			path = PumpTests;
			sourceTree = "<group>";
		};
		2EF8CEF729AE8E76007848F8 /* PumpUITests */ = {
			isa = PBXGroup;
			children = (
				2EF8CEF829AE8E76007848F8 /* PumpUITests.swift */,
				2EF8CEFA29AE8E76007848F8 /* PumpUITestsLaunchTests.swift */,
			);
			path = PumpUITests;
			sourceTree = "<group>";
		};
		AC247FF3C6492D9331A2CAA2 /* Frameworks */ = {
			isa = PBXGroup;
			children = (
				5B9413DBBA3C1D1DF0C72714 /* Pods_Pump.framework */,
			);
			name = Frameworks;
			sourceTree = "<group>";
		};
		EADFB1E504FC034EE78B2D8E /* Pods */ = {
			isa = PBXGroup;
			children = (
				C996004293998D0942D9A82E /* Pods-Pump.debug.xcconfig */,
				CA97E6058412939BE1716F84 /* Pods-Pump.release.xcconfig */,
			);
			path = Pods;
			sourceTree = "<group>";
		};
/* End PBXGroup section */

/* Begin PBXNativeTarget section */
		2EF8CED929AE8E74007848F8 /* Pump */ = {
			isa = PBXNativeTarget;
			buildConfigurationList = 2EF8CEFE29AE8E76007848F8 /* Build configuration list for PBXNativeTarget "Pump" */;
			buildPhases = (
				BEBD8A01347420A7834606FD /* [CP] Check Pods Manifest.lock */,
				2EF8CED629AE8E74007848F8 /* Sources */,
				2EF8CED729AE8E74007848F8 /* Frameworks */,
				2EF8CED829AE8E74007848F8 /* Resources */,
				143BFCF0DCC5BC6E04B037F3 /* [CP] Embed Pods Frameworks */,
			);
			buildRules = (
			);
			dependencies = (
			);
			name = Pump;
			productName = Pump;
			productReference = 2EF8CEDA29AE8E74007848F8 /* Pump.app */;
			productType = "com.apple.product-type.application";
		};
		2EF8CEE929AE8E76007848F8 /* PumpTests */ = {
			isa = PBXNativeTarget;
			buildConfigurationList = 2EF8CF0129AE8E76007848F8 /* Build configuration list for PBXNativeTarget "PumpTests" */;
			buildPhases = (
				2EF8CEE629AE8E76007848F8 /* Sources */,
				2EF8CEE729AE8E76007848F8 /* Frameworks */,
				2EF8CEE829AE8E76007848F8 /* Resources */,
			);
			buildRules = (
			);
			dependencies = (
				2EF8CEEC29AE8E76007848F8 /* PBXTargetDependency */,
			);
			name = PumpTests;
			productName = PumpTests;
			productReference = 2EF8CEEA29AE8E76007848F8 /* PumpTests.xctest */;
			productType = "com.apple.product-type.bundle.unit-test";
		};
		2EF8CEF329AE8E76007848F8 /* PumpUITests */ = {
			isa = PBXNativeTarget;
			buildConfigurationList = 2EF8CF0429AE8E76007848F8 /* Build configuration list for PBXNativeTarget "PumpUITests" */;
			buildPhases = (
				2EF8CEF029AE8E76007848F8 /* Sources */,
				2EF8CEF129AE8E76007848F8 /* Frameworks */,
				2EF8CEF229AE8E76007848F8 /* Resources */,
			);
			buildRules = (
			);
			dependencies = (
				2EF8CEF629AE8E76007848F8 /* PBXTargetDependency */,
			);
			name = PumpUITests;
			productName = PumpUITests;
			productReference = 2EF8CEF429AE8E76007848F8 /* PumpUITests.xctest */;
			productType = "com.apple.product-type.bundle.ui-testing";
		};
/* End PBXNativeTarget section */

/* Begin PBXProject section */
		2EF8CED229AE8E73007848F8 /* Project object */ = {
			isa = PBXProject;
			attributes = {
				BuildIndependentTargetsInParallel = 1;
				LastSwiftUpdateCheck = 1340;
				LastUpgradeCheck = 1340;
				TargetAttributes = {
					2EF8CED929AE8E74007848F8 = {
						CreatedOnToolsVersion = 13.4.1;
					};
					2EF8CEE929AE8E76007848F8 = {
						CreatedOnToolsVersion = 13.4.1;
						TestTargetID = 2EF8CED929AE8E74007848F8;
					};
					2EF8CEF329AE8E76007848F8 = {
						CreatedOnToolsVersion = 13.4.1;
						TestTargetID = 2EF8CED929AE8E74007848F8;
					};
				};
			};
			buildConfigurationList = 2EF8CED529AE8E73007848F8 /* Build configuration list for PBXProject "Pump" */;
			compatibilityVersion = "Xcode 13.0";
			developmentRegion = en;
			hasScannedForEncodings = 0;
			knownRegions = (
				en,
				Base,
			);
			mainGroup = 2EF8CED129AE8E73007848F8;
			productRefGroup = 2EF8CEDB29AE8E74007848F8 /* Products */;
			projectDirPath = "";
			projectRoot = "";
			targets = (
				2EF8CED929AE8E74007848F8 /* Pump */,
				2EF8CEE929AE8E76007848F8 /* PumpTests */,
				2EF8CEF329AE8E76007848F8 /* PumpUITests */,
			);
		};
/* End PBXProject section */

/* Begin PBXResourcesBuildPhase section */
		2EF8CED829AE8E74007848F8 /* Resources */ = {
			isa = PBXResourcesBuildPhase;
			buildActionMask = 2147483647;
			files = (
				2EF8CEE529AE8E76007848F8 /* Preview Assets.xcassets in Resources */,
				2E61E43729BB8A450014BADA /* GoogleService-Info.plist in Resources */,
				2EF8CEE229AE8E76007848F8 /* Assets.xcassets in Resources */,
			);
			runOnlyForDeploymentPostprocessing = 0;
		};
		2EF8CEE829AE8E76007848F8 /* Resources */ = {
			isa = PBXResourcesBuildPhase;
			buildActionMask = 2147483647;
			files = (
			);
			runOnlyForDeploymentPostprocessing = 0;
		};
		2EF8CEF229AE8E76007848F8 /* Resources */ = {
			isa = PBXResourcesBuildPhase;
			buildActionMask = 2147483647;
			files = (
			);
			runOnlyForDeploymentPostprocessing = 0;
		};
/* End PBXResourcesBuildPhase section */

/* Begin PBXShellScriptBuildPhase section */
		143BFCF0DCC5BC6E04B037F3 /* [CP] Embed Pods Frameworks */ = {
			isa = PBXShellScriptBuildPhase;
			buildActionMask = 2147483647;
			files = (
			);
			inputFileListPaths = (
				"${PODS_ROOT}/Target Support Files/Pods-Pump/Pods-Pump-frameworks-${CONFIGURATION}-input-files.xcfilelist",
			);
			name = "[CP] Embed Pods Frameworks";
			outputFileListPaths = (
				"${PODS_ROOT}/Target Support Files/Pods-Pump/Pods-Pump-frameworks-${CONFIGURATION}-output-files.xcfilelist",
			);
			runOnlyForDeploymentPostprocessing = 0;
			shellPath = /bin/sh;
			shellScript = "\"${PODS_ROOT}/Target Support Files/Pods-Pump/Pods-Pump-frameworks.sh\"\n";
			showEnvVarsInLog = 0;
		};
		BEBD8A01347420A7834606FD /* [CP] Check Pods Manifest.lock */ = {
			isa = PBXShellScriptBuildPhase;
			buildActionMask = 2147483647;
			files = (
			);
			inputFileListPaths = (
			);
			inputPaths = (
				"${PODS_PODFILE_DIR_PATH}/Podfile.lock",
				"${PODS_ROOT}/Manifest.lock",
			);
			name = "[CP] Check Pods Manifest.lock";
			outputFileListPaths = (
			);
			outputPaths = (
				"$(DERIVED_FILE_DIR)/Pods-Pump-checkManifestLockResult.txt",
			);
			runOnlyForDeploymentPostprocessing = 0;
			shellPath = /bin/sh;
			shellScript = "diff \"${PODS_PODFILE_DIR_PATH}/Podfile.lock\" \"${PODS_ROOT}/Manifest.lock\" > /dev/null\nif [ $? != 0 ] ; then\n    # print error to STDERR\n    echo \"error: The sandbox is not in sync with the Podfile.lock. Run 'pod install' or update your CocoaPods installation.\" >&2\n    exit 1\nfi\n# This output is used by Xcode 'outputs' to avoid re-running this script phase.\necho \"SUCCESS\" > \"${SCRIPT_OUTPUT_FILE_0}\"\n";
			showEnvVarsInLog = 0;
		};
/* End PBXShellScriptBuildPhase section */

/* Begin PBXSourcesBuildPhase section */
		2EF8CED629AE8E74007848F8 /* Sources */ = {
			isa = PBXSourcesBuildPhase;
			buildActionMask = 2147483647;
			files = (
				2EF8CDB229B270CC00898B41 /* SignUpView.swift in Sources */,
				2EF8CDB929B271AC00898B41 /* MainView.swift in Sources */,
				2EF8CDBD29B2723600898B41 /* FetchData.swift in Sources */,
				D3E8C63B29B67750002FA225 /* WorkoutOverView.swift in Sources */,
				2EF8CDB529B270CC00898B41 /* LogInView.swift in Sources */,
				D35C8E8629BA5E3300180B22 /* WorkoutDayView.swift in Sources */,
				2EF8CEE029AE8E74007848F8 /* ContentView.swift in Sources */,
				2EF8CDAD29B26F9D00898B41 /* UserInfo.swift in Sources */,
				2EF8CDBB29B271D000898B41 /* SettingsView.swift in Sources */,
				2E61E43529B93BD60014BADA /* Workout.swift in Sources */,
				2EF8CDBF29B670A100898B41 /* WorkoutDetailView.swift in Sources */,
				2EF8CDC329B675A800898B41 /* Exercise.swift in Sources */,
				2EF8CEDE29AE8E74007848F8 /* PumpApp.swift in Sources */,
				2EF8CDB429B270CC00898B41 /* ForgotPasswordView.swift in Sources */,
				2EF8CDB329B270CC00898B41 /* AuthenticationView.swift in Sources */,
				2EF8CDB729B270D500898B41 /* Constants.swift in Sources */,
			);
			runOnlyForDeploymentPostprocessing = 0;
		};
		2EF8CEE629AE8E76007848F8 /* Sources */ = {
			isa = PBXSourcesBuildPhase;
			buildActionMask = 2147483647;
			files = (
				2EF8CEEF29AE8E76007848F8 /* PumpTests.swift in Sources */,
			);
			runOnlyForDeploymentPostprocessing = 0;
		};
		2EF8CEF029AE8E76007848F8 /* Sources */ = {
			isa = PBXSourcesBuildPhase;
			buildActionMask = 2147483647;
			files = (
				2EF8CEFB29AE8E76007848F8 /* PumpUITestsLaunchTests.swift in Sources */,
				2EF8CEF929AE8E76007848F8 /* PumpUITests.swift in Sources */,
			);
			runOnlyForDeploymentPostprocessing = 0;
		};
/* End PBXSourcesBuildPhase section */

/* Begin PBXTargetDependency section */
		2EF8CEEC29AE8E76007848F8 /* PBXTargetDependency */ = {
			isa = PBXTargetDependency;
			target = 2EF8CED929AE8E74007848F8 /* Pump */;
			targetProxy = 2EF8CEEB29AE8E76007848F8 /* PBXContainerItemProxy */;
		};
		2EF8CEF629AE8E76007848F8 /* PBXTargetDependency */ = {
			isa = PBXTargetDependency;
			target = 2EF8CED929AE8E74007848F8 /* Pump */;
			targetProxy = 2EF8CEF529AE8E76007848F8 /* PBXContainerItemProxy */;
		};
/* End PBXTargetDependency section */

/* Begin XCBuildConfiguration section */
		2EF8CEFC29AE8E76007848F8 /* Debug */ = {
			isa = XCBuildConfiguration;
			buildSettings = {
				ALWAYS_SEARCH_USER_PATHS = NO;
				CLANG_ANALYZER_NONNULL = YES;
				CLANG_ANALYZER_NUMBER_OBJECT_CONVERSION = YES_AGGRESSIVE;
				CLANG_CXX_LANGUAGE_STANDARD = "gnu++17";
				CLANG_ENABLE_MODULES = YES;
				CLANG_ENABLE_OBJC_ARC = YES;
				CLANG_ENABLE_OBJC_WEAK = YES;
				CLANG_WARN_BLOCK_CAPTURE_AUTORELEASING = YES;
				CLANG_WARN_BOOL_CONVERSION = YES;
				CLANG_WARN_COMMA = YES;
				CLANG_WARN_CONSTANT_CONVERSION = YES;
				CLANG_WARN_DEPRECATED_OBJC_IMPLEMENTATIONS = YES;
				CLANG_WARN_DIRECT_OBJC_ISA_USAGE = YES_ERROR;
				CLANG_WARN_DOCUMENTATION_COMMENTS = YES;
				CLANG_WARN_EMPTY_BODY = YES;
				CLANG_WARN_ENUM_CONVERSION = YES;
				CLANG_WARN_INFINITE_RECURSION = YES;
				CLANG_WARN_INT_CONVERSION = YES;
				CLANG_WARN_NON_LITERAL_NULL_CONVERSION = YES;
				CLANG_WARN_OBJC_IMPLICIT_RETAIN_SELF = YES;
				CLANG_WARN_OBJC_LITERAL_CONVERSION = YES;
				CLANG_WARN_OBJC_ROOT_CLASS = YES_ERROR;
				CLANG_WARN_QUOTED_INCLUDE_IN_FRAMEWORK_HEADER = YES;
				CLANG_WARN_RANGE_LOOP_ANALYSIS = YES;
				CLANG_WARN_STRICT_PROTOTYPES = YES;
				CLANG_WARN_SUSPICIOUS_MOVE = YES;
				CLANG_WARN_UNGUARDED_AVAILABILITY = YES_AGGRESSIVE;
				CLANG_WARN_UNREACHABLE_CODE = YES;
				CLANG_WARN__DUPLICATE_METHOD_MATCH = YES;
				COPY_PHASE_STRIP = NO;
				DEBUG_INFORMATION_FORMAT = dwarf;
				ENABLE_STRICT_OBJC_MSGSEND = YES;
				ENABLE_TESTABILITY = YES;
				GCC_C_LANGUAGE_STANDARD = gnu11;
				GCC_DYNAMIC_NO_PIC = NO;
				GCC_NO_COMMON_BLOCKS = YES;
				GCC_OPTIMIZATION_LEVEL = 0;
				GCC_PREPROCESSOR_DEFINITIONS = (
					"DEBUG=1",
					"$(inherited)",
				);
				GCC_WARN_64_TO_32_BIT_CONVERSION = YES;
				GCC_WARN_ABOUT_RETURN_TYPE = YES_ERROR;
				GCC_WARN_UNDECLARED_SELECTOR = YES;
				GCC_WARN_UNINITIALIZED_AUTOS = YES_AGGRESSIVE;
				GCC_WARN_UNUSED_FUNCTION = YES;
				GCC_WARN_UNUSED_VARIABLE = YES;
				IPHONEOS_DEPLOYMENT_TARGET = 15.5;
				MTL_ENABLE_DEBUG_INFO = INCLUDE_SOURCE;
				MTL_FAST_MATH = YES;
				ONLY_ACTIVE_ARCH = YES;
				SDKROOT = iphoneos;
				SWIFT_ACTIVE_COMPILATION_CONDITIONS = DEBUG;
				SWIFT_OPTIMIZATION_LEVEL = "-Onone";
			};
			name = Debug;
		};
		2EF8CEFD29AE8E76007848F8 /* Release */ = {
			isa = XCBuildConfiguration;
			buildSettings = {
				ALWAYS_SEARCH_USER_PATHS = NO;
				CLANG_ANALYZER_NONNULL = YES;
				CLANG_ANALYZER_NUMBER_OBJECT_CONVERSION = YES_AGGRESSIVE;
				CLANG_CXX_LANGUAGE_STANDARD = "gnu++17";
				CLANG_ENABLE_MODULES = YES;
				CLANG_ENABLE_OBJC_ARC = YES;
				CLANG_ENABLE_OBJC_WEAK = YES;
				CLANG_WARN_BLOCK_CAPTURE_AUTORELEASING = YES;
				CLANG_WARN_BOOL_CONVERSION = YES;
				CLANG_WARN_COMMA = YES;
				CLANG_WARN_CONSTANT_CONVERSION = YES;
				CLANG_WARN_DEPRECATED_OBJC_IMPLEMENTATIONS = YES;
				CLANG_WARN_DIRECT_OBJC_ISA_USAGE = YES_ERROR;
				CLANG_WARN_DOCUMENTATION_COMMENTS = YES;
				CLANG_WARN_EMPTY_BODY = YES;
				CLANG_WARN_ENUM_CONVERSION = YES;
				CLANG_WARN_INFINITE_RECURSION = YES;
				CLANG_WARN_INT_CONVERSION = YES;
				CLANG_WARN_NON_LITERAL_NULL_CONVERSION = YES;
				CLANG_WARN_OBJC_IMPLICIT_RETAIN_SELF = YES;
				CLANG_WARN_OBJC_LITERAL_CONVERSION = YES;
				CLANG_WARN_OBJC_ROOT_CLASS = YES_ERROR;
				CLANG_WARN_QUOTED_INCLUDE_IN_FRAMEWORK_HEADER = YES;
				CLANG_WARN_RANGE_LOOP_ANALYSIS = YES;
				CLANG_WARN_STRICT_PROTOTYPES = YES;
				CLANG_WARN_SUSPICIOUS_MOVE = YES;
				CLANG_WARN_UNGUARDED_AVAILABILITY = YES_AGGRESSIVE;
				CLANG_WARN_UNREACHABLE_CODE = YES;
				CLANG_WARN__DUPLICATE_METHOD_MATCH = YES;
				COPY_PHASE_STRIP = NO;
				DEBUG_INFORMATION_FORMAT = "dwarf-with-dsym";
				ENABLE_NS_ASSERTIONS = NO;
				ENABLE_STRICT_OBJC_MSGSEND = YES;
				GCC_C_LANGUAGE_STANDARD = gnu11;
				GCC_NO_COMMON_BLOCKS = YES;
				GCC_WARN_64_TO_32_BIT_CONVERSION = YES;
				GCC_WARN_ABOUT_RETURN_TYPE = YES_ERROR;
				GCC_WARN_UNDECLARED_SELECTOR = YES;
				GCC_WARN_UNINITIALIZED_AUTOS = YES_AGGRESSIVE;
				GCC_WARN_UNUSED_FUNCTION = YES;
				GCC_WARN_UNUSED_VARIABLE = YES;
				IPHONEOS_DEPLOYMENT_TARGET = 15.5;
				MTL_ENABLE_DEBUG_INFO = NO;
				MTL_FAST_MATH = YES;
				SDKROOT = iphoneos;
				SWIFT_COMPILATION_MODE = wholemodule;
				SWIFT_OPTIMIZATION_LEVEL = "-O";
				VALIDATE_PRODUCT = YES;
			};
			name = Release;
		};
		2EF8CEFF29AE8E76007848F8 /* Debug */ = {
			isa = XCBuildConfiguration;
			baseConfigurationReference = C996004293998D0942D9A82E /* Pods-Pump.debug.xcconfig */;
			buildSettings = {
				ASSETCATALOG_COMPILER_APPICON_NAME = AppIcon;
				ASSETCATALOG_COMPILER_GLOBAL_ACCENT_COLOR_NAME = AccentColor;
				CODE_SIGN_STYLE = Automatic;
				CURRENT_PROJECT_VERSION = 1;
				DEVELOPMENT_ASSET_PATHS = "\"Pump/Preview Content\"";
				DEVELOPMENT_TEAM = A96W5ZMJU2;
				ENABLE_PREVIEWS = YES;
				GENERATE_INFOPLIST_FILE = YES;
				INFOPLIST_KEY_UIApplicationSceneManifest_Generation = YES;
				INFOPLIST_KEY_UIApplicationSupportsIndirectInputEvents = YES;
				INFOPLIST_KEY_UILaunchScreen_Generation = YES;
				INFOPLIST_KEY_UISupportedInterfaceOrientations_iPad = "UIInterfaceOrientationPortrait UIInterfaceOrientationPortraitUpsideDown UIInterfaceOrientationLandscapeLeft UIInterfaceOrientationLandscapeRight";
				INFOPLIST_KEY_UISupportedInterfaceOrientations_iPhone = "UIInterfaceOrientationPortrait UIInterfaceOrientationLandscapeLeft UIInterfaceOrientationLandscapeRight";
				LD_RUNPATH_SEARCH_PATHS = (
					"$(inherited)",
					"@executable_path/Frameworks",
				);
				MARKETING_VERSION = 1.0;
				PRODUCT_BUNDLE_IDENTIFIER = Jawn.Pump;
				PRODUCT_NAME = "$(TARGET_NAME)";
				SWIFT_EMIT_LOC_STRINGS = YES;
				SWIFT_VERSION = 5.0;
				TARGETED_DEVICE_FAMILY = "1,2";
			};
			name = Debug;
		};
		2EF8CF0029AE8E76007848F8 /* Release */ = {
			isa = XCBuildConfiguration;
			baseConfigurationReference = CA97E6058412939BE1716F84 /* Pods-Pump.release.xcconfig */;
			buildSettings = {
				ASSETCATALOG_COMPILER_APPICON_NAME = AppIcon;
				ASSETCATALOG_COMPILER_GLOBAL_ACCENT_COLOR_NAME = AccentColor;
				CODE_SIGN_STYLE = Automatic;
				CURRENT_PROJECT_VERSION = 1;
				DEVELOPMENT_ASSET_PATHS = "\"Pump/Preview Content\"";
				DEVELOPMENT_TEAM = A96W5ZMJU2;
				ENABLE_PREVIEWS = YES;
				GENERATE_INFOPLIST_FILE = YES;
				INFOPLIST_KEY_UIApplicationSceneManifest_Generation = YES;
				INFOPLIST_KEY_UIApplicationSupportsIndirectInputEvents = YES;
				INFOPLIST_KEY_UILaunchScreen_Generation = YES;
				INFOPLIST_KEY_UISupportedInterfaceOrientations_iPad = "UIInterfaceOrientationPortrait UIInterfaceOrientationPortraitUpsideDown UIInterfaceOrientationLandscapeLeft UIInterfaceOrientationLandscapeRight";
				INFOPLIST_KEY_UISupportedInterfaceOrientations_iPhone = "UIInterfaceOrientationPortrait UIInterfaceOrientationLandscapeLeft UIInterfaceOrientationLandscapeRight";
				LD_RUNPATH_SEARCH_PATHS = (
					"$(inherited)",
					"@executable_path/Frameworks",
				);
				MARKETING_VERSION = 1.0;
				PRODUCT_BUNDLE_IDENTIFIER = Jawn.Pump;
				PRODUCT_NAME = "$(TARGET_NAME)";
				SWIFT_EMIT_LOC_STRINGS = YES;
				SWIFT_VERSION = 5.0;
				TARGETED_DEVICE_FAMILY = "1,2";
			};
			name = Release;
		};
		2EF8CF0229AE8E76007848F8 /* Debug */ = {
			isa = XCBuildConfiguration;
			buildSettings = {
				ALWAYS_EMBED_SWIFT_STANDARD_LIBRARIES = YES;
				BUNDLE_LOADER = "$(TEST_HOST)";
				CODE_SIGN_STYLE = Automatic;
				CURRENT_PROJECT_VERSION = 1;
				DEVELOPMENT_TEAM = A96W5ZMJU2;
				GENERATE_INFOPLIST_FILE = YES;
				IPHONEOS_DEPLOYMENT_TARGET = 15.5;
				MARKETING_VERSION = 1.0;
				PRODUCT_BUNDLE_IDENTIFIER = Jawn.PumpTests;
				PRODUCT_NAME = "$(TARGET_NAME)";
				SWIFT_EMIT_LOC_STRINGS = NO;
				SWIFT_VERSION = 5.0;
				TARGETED_DEVICE_FAMILY = "1,2";
				TEST_HOST = "$(BUILT_PRODUCTS_DIR)/Pump.app/Pump";
			};
			name = Debug;
		};
		2EF8CF0329AE8E76007848F8 /* Release */ = {
			isa = XCBuildConfiguration;
			buildSettings = {
				ALWAYS_EMBED_SWIFT_STANDARD_LIBRARIES = YES;
				BUNDLE_LOADER = "$(TEST_HOST)";
				CODE_SIGN_STYLE = Automatic;
				CURRENT_PROJECT_VERSION = 1;
				DEVELOPMENT_TEAM = A96W5ZMJU2;
				GENERATE_INFOPLIST_FILE = YES;
				IPHONEOS_DEPLOYMENT_TARGET = 15.5;
				MARKETING_VERSION = 1.0;
				PRODUCT_BUNDLE_IDENTIFIER = Jawn.PumpTests;
				PRODUCT_NAME = "$(TARGET_NAME)";
				SWIFT_EMIT_LOC_STRINGS = NO;
				SWIFT_VERSION = 5.0;
				TARGETED_DEVICE_FAMILY = "1,2";
				TEST_HOST = "$(BUILT_PRODUCTS_DIR)/Pump.app/Pump";
			};
			name = Release;
		};
		2EF8CF0529AE8E76007848F8 /* Debug */ = {
			isa = XCBuildConfiguration;
			buildSettings = {
				ALWAYS_EMBED_SWIFT_STANDARD_LIBRARIES = YES;
				CODE_SIGN_STYLE = Automatic;
				CURRENT_PROJECT_VERSION = 1;
				DEVELOPMENT_TEAM = A96W5ZMJU2;
				GENERATE_INFOPLIST_FILE = YES;
				MARKETING_VERSION = 1.0;
				PRODUCT_BUNDLE_IDENTIFIER = Jawn.PumpUITests;
				PRODUCT_NAME = "$(TARGET_NAME)";
				SWIFT_EMIT_LOC_STRINGS = NO;
				SWIFT_VERSION = 5.0;
				TARGETED_DEVICE_FAMILY = "1,2";
				TEST_TARGET_NAME = Pump;
			};
			name = Debug;
		};
		2EF8CF0629AE8E76007848F8 /* Release */ = {
			isa = XCBuildConfiguration;
			buildSettings = {
				ALWAYS_EMBED_SWIFT_STANDARD_LIBRARIES = YES;
				CODE_SIGN_STYLE = Automatic;
				CURRENT_PROJECT_VERSION = 1;
				DEVELOPMENT_TEAM = A96W5ZMJU2;
				GENERATE_INFOPLIST_FILE = YES;
				MARKETING_VERSION = 1.0;
				PRODUCT_BUNDLE_IDENTIFIER = Jawn.PumpUITests;
				PRODUCT_NAME = "$(TARGET_NAME)";
				SWIFT_EMIT_LOC_STRINGS = NO;
				SWIFT_VERSION = 5.0;
				TARGETED_DEVICE_FAMILY = "1,2";
				TEST_TARGET_NAME = Pump;
			};
			name = Release;
		};
/* End XCBuildConfiguration section */

/* Begin XCConfigurationList section */
		2EF8CED529AE8E73007848F8 /* Build configuration list for PBXProject "Pump" */ = {
			isa = XCConfigurationList;
			buildConfigurations = (
				2EF8CEFC29AE8E76007848F8 /* Debug */,
				2EF8CEFD29AE8E76007848F8 /* Release */,
			);
			defaultConfigurationIsVisible = 0;
			defaultConfigurationName = Release;
		};
		2EF8CEFE29AE8E76007848F8 /* Build configuration list for PBXNativeTarget "Pump" */ = {
			isa = XCConfigurationList;
			buildConfigurations = (
				2EF8CEFF29AE8E76007848F8 /* Debug */,
				2EF8CF0029AE8E76007848F8 /* Release */,
			);
			defaultConfigurationIsVisible = 0;
			defaultConfigurationName = Release;
		};
		2EF8CF0129AE8E76007848F8 /* Build configuration list for PBXNativeTarget "PumpTests" */ = {
			isa = XCConfigurationList;
			buildConfigurations = (
				2EF8CF0229AE8E76007848F8 /* Debug */,
				2EF8CF0329AE8E76007848F8 /* Release */,
			);
			defaultConfigurationIsVisible = 0;
			defaultConfigurationName = Release;
		};
		2EF8CF0429AE8E76007848F8 /* Build configuration list for PBXNativeTarget "PumpUITests" */ = {
			isa = XCConfigurationList;
			buildConfigurations = (
				2EF8CF0529AE8E76007848F8 /* Debug */,
				2EF8CF0629AE8E76007848F8 /* Release */,
			);
			defaultConfigurationIsVisible = 0;
			defaultConfigurationName = Release;
		};
/* End XCConfigurationList section */
	};
	rootObject = 2EF8CED229AE8E73007848F8 /* Project object */;
}
